// !$*UTF8*$!
{
	archiveVersion = 1;
	classes = {
	};
	objectVersion = 56;
	objects = {

/* Begin PBXBuildFile section */
		FEA1559A2A9CD48A00912E5F /* LifeBotApp.swift in Sources */ = {isa = PBXBuildFile; fileRef = FEA155992A9CD48A00912E5F /* LifeBotApp.swift */; };
		FEA1559C2A9CD48A00912E5F /* ContentView.swift in Sources */ = {isa = PBXBuildFile; fileRef = FEA1559B2A9CD48A00912E5F /* ContentView.swift */; };
		FEA1559E2A9CD48D00912E5F /* Assets.xcassets in Resources */ = {isa = PBXBuildFile; fileRef = FEA1559D2A9CD48D00912E5F /* Assets.xcassets */; };
		FEA155A12A9CD48D00912E5F /* Preview Assets.xcassets in Resources */ = {isa = PBXBuildFile; fileRef = FEA155A02A9CD48D00912E5F /* Preview Assets.xcassets */; };
		FEA155A82A9CD58D00912E5F /* ChatViewModel.swift in Sources */ = {isa = PBXBuildFile; fileRef = FEA155A72A9CD58D00912E5F /* ChatViewModel.swift */; };
		FEA155AA2A9CD77700912E5F /* OpenAIService.swift in Sources */ = {isa = PBXBuildFile; fileRef = FEA155A92A9CD77700912E5F /* OpenAIService.swift */; };
		FEA155AD2A9CD90600912E5F /* Alamofire in Frameworks */ = {isa = PBXBuildFile; productRef = FEA155AC2A9CD90600912E5F /* Alamofire */; };
		FEA155AF2A9CDA4C00912E5F /* Constants.swift in Sources */ = {isa = PBXBuildFile; fileRef = FEA155AE2A9CDA4C00912E5F /* Constants.swift */; };
/* End PBXBuildFile section */

/* Begin PBXFileReference section */
		FEA155962A9CD48A00912E5F /* LifeBot.app */ = {isa = PBXFileReference; explicitFileType = wrapper.application; includeInIndex = 0; path = LifeBot.app; sourceTree = BUILT_PRODUCTS_DIR; };
		FEA155992A9CD48A00912E5F /* LifeBotApp.swift */ = {isa = PBXFileReference; lastKnownFileType = sourcecode.swift; path = LifeBotApp.swift; sourceTree = "<group>"; };
		FEA1559B2A9CD48A00912E5F /* ContentView.swift */ = {isa = PBXFileReference; lastKnownFileType = sourcecode.swift; path = ContentView.swift; sourceTree = "<group>"; };
		FEA1559D2A9CD48D00912E5F /* Assets.xcassets */ = {isa = PBXFileReference; lastKnownFileType = folder.assetcatalog; path = Assets.xcassets; sourceTree = "<group>"; };
		FEA155A02A9CD48D00912E5F /* Preview Assets.xcassets */ = {isa = PBXFileReference; lastKnownFileType = folder.assetcatalog; path = "Preview Assets.xcassets"; sourceTree = "<group>"; };
		FEA155A72A9CD58D00912E5F /* ChatViewModel.swift */ = {isa = PBXFileReference; lastKnownFileType = sourcecode.swift; path = ChatViewModel.swift; sourceTree = "<group>"; };
		FEA155A92A9CD77700912E5F /* OpenAIService.swift */ = {isa = PBXFileReference; lastKnownFileType = sourcecode.swift; path = OpenAIService.swift; sourceTree = "<group>"; };
		FEA155AE2A9CDA4C00912E5F /* Constants.swift */ = {isa = PBXFileReference; lastKnownFileType = sourcecode.swift; path = Constants.swift; sourceTree = "<group>"; };
/* End PBXFileReference section */

/* Begin PBXFrameworksBuildPhase section */
		FEA155932A9CD48A00912E5F /* Frameworks */ = {
			isa = PBXFrameworksBuildPhase;
			buildActionMask = 2147483647;
			files = (
				FEA155AD2A9CD90600912E5F /* Alamofire in Frameworks */,
			);
			runOnlyForDeploymentPostprocessing = 0;
		};
/* End PBXFrameworksBuildPhase section */

/* Begin PBXGroup section */
		FEA1558D2A9CD48A00912E5F = {
			isa = PBXGroup;
			children = (
				FEA155982A9CD48A00912E5F /* LifeBot */,
				FEA155972A9CD48A00912E5F /* Products */,
			);
			sourceTree = "<group>";
		};
		FEA155972A9CD48A00912E5F /* Products */ = {
			isa = PBXGroup;
			children = (
				FEA155962A9CD48A00912E5F /* LifeBot.app */,
			);
			name = Products;
			sourceTree = "<group>";
		};
		FEA155982A9CD48A00912E5F /* LifeBot */ = {
			isa = PBXGroup;
			children = (
				FEA155992A9CD48A00912E5F /* LifeBotApp.swift */,
				FEA1559B2A9CD48A00912E5F /* ContentView.swift */,
				FEA155A72A9CD58D00912E5F /* ChatViewModel.swift */,
				FEA155A92A9CD77700912E5F /* OpenAIService.swift */,
				FEA155AE2A9CDA4C00912E5F /* Constants.swift */,
				FEA1559D2A9CD48D00912E5F /* Assets.xcassets */,
				FEA1559F2A9CD48D00912E5F /* Preview Content */,
			);
			path = LifeBot;
			sourceTree = "<group>";
		};
		FEA1559F2A9CD48D00912E5F /* Preview Content */ = {
			isa = PBXGroup;
			children = (
				FEA155A02A9CD48D00912E5F /* Preview Assets.xcassets */,
			);
			path = "Preview Content";
			sourceTree = "<group>";
		};
/* End PBXGroup section */

/* Begin PBXNativeTarget section */
		FEA155952A9CD48A00912E5F /* LifeBot */ = {
			isa = PBXNativeTarget;
			buildConfigurationList = FEA155A42A9CD48D00912E5F /* Build configuration list for PBXNativeTarget "LifeBot" */;
			buildPhases = (
				FEA155922A9CD48A00912E5F /* Sources */,
				FEA155932A9CD48A00912E5F /* Frameworks */,
				FEA155942A9CD48A00912E5F /* Resources */,
			);
			buildRules = (
			);
			dependencies = (
			);
			name = LifeBot;
			packageProductDependencies = (
				FEA155AC2A9CD90600912E5F /* Alamofire */,
			);
			productName = LifeBot;
			productReference = FEA155962A9CD48A00912E5F /* LifeBot.app */;
			productType = "com.apple.product-type.application";
		};
/* End PBXNativeTarget section */

/* Begin PBXProject section */
		FEA1558E2A9CD48A00912E5F /* Project object */ = {
			isa = PBXProject;
			attributes = {
				BuildIndependentTargetsInParallel = 1;
				LastSwiftUpdateCheck = 1410;
				LastUpgradeCheck = 1410;
				TargetAttributes = {
					FEA155952A9CD48A00912E5F = {
						CreatedOnToolsVersion = 14.1;
					};
				};
			};
			buildConfigurationList = FEA155912A9CD48A00912E5F /* Build configuration list for PBXProject "LifeBot" */;
			compatibilityVersion = "Xcode 14.0";
			developmentRegion = en;
			hasScannedForEncodings = 0;
			knownRegions = (
				en,
				Base,
			);
			mainGroup = FEA1558D2A9CD48A00912E5F;
			packageReferences = (
				FEA155AB2A9CD90600912E5F /* XCRemoteSwiftPackageReference "Alamofire" */,
			);
			productRefGroup = FEA155972A9CD48A00912E5F /* Products */;
			projectDirPath = "";
			projectRoot = "";
			targets = (
				FEA155952A9CD48A00912E5F /* LifeBot */,
			);
		};
/* End PBXProject section */

/* Begin PBXResourcesBuildPhase section */
		FEA155942A9CD48A00912E5F /* Resources */ = {
			isa = PBXResourcesBuildPhase;
			buildActionMask = 2147483647;
			files = (
				FEA155A12A9CD48D00912E5F /* Preview Assets.xcassets in Resources */,
				FEA1559E2A9CD48D00912E5F /* Assets.xcassets in Resources */,
			);
			runOnlyForDeploymentPostprocessing = 0;
		};
/* End PBXResourcesBuildPhase section */

/* Begin PBXSourcesBuildPhase section */
		FEA155922A9CD48A00912E5F /* Sources */ = {
			isa = PBXSourcesBuildPhase;
			buildActionMask = 2147483647;
			files = (
				FEA155AF2A9CDA4C00912E5F /* Constants.swift in Sources */,
				FEA1559C2A9CD48A00912E5F /* ContentView.swift in Sources */,
				FEA155A82A9CD58D00912E5F /* ChatViewModel.swift in Sources */,
				FEA1559A2A9CD48A00912E5F /* LifeBotApp.swift in Sources */,
				FEA155AA2A9CD77700912E5F /* OpenAIService.swift in Sources */,
			);
			runOnlyForDeploymentPostprocessing = 0;
		};
/* End PBXSourcesBuildPhase section */

/* Begin XCBuildConfiguration section */
		FEA155A22A9CD48D00912E5F /* Debug */ = {
			isa = XCBuildConfiguration;
			buildSettings = {
				ALWAYS_SEARCH_USER_PATHS = NO;
				CLANG_ANALYZER_NONNULL = YES;
				CLANG_ANALYZER_NUMBER_OBJECT_CONVERSION = YES_AGGRESSIVE;
				CLANG_CXX_LANGUAGE_STANDARD = "gnu++20";
				CLANG_ENABLE_MODULES = YES;
				CLANG_ENABLE_OBJC_ARC = YES;
				CLANG_ENABLE_OBJC_WEAK = YES;
				CLANG_WARN_BLOCK_CAPTURE_AUTORELEASING = YES;
				CLANG_WARN_BOOL_CONVERSION = YES;
				CLANG_WARN_COMMA = YES;
				CLANG_WARN_CONSTANT_CONVERSION = YES;
				CLANG_WARN_DEPRECATED_OBJC_IMPLEMENTATIONS = YES;
				CLANG_WARN_DIRECT_OBJC_ISA_USAGE = YES_ERROR;
				CLANG_WARN_DOCUMENTATION_COMMENTS = YES;
				CLANG_WARN_EMPTY_BODY = YES;
				CLANG_WARN_ENUM_CONVERSION = YES;
				CLANG_WARN_INFINITE_RECURSION = YES;
				CLANG_WARN_INT_CONVERSION = YES;
				CLANG_WARN_NON_LITERAL_NULL_CONVERSION = YES;
				CLANG_WARN_OBJC_IMPLICIT_RETAIN_SELF = YES;
				CLANG_WARN_OBJC_LITERAL_CONVERSION = YES;
				CLANG_WARN_OBJC_ROOT_CLASS = YES_ERROR;
				CLANG_WARN_QUOTED_INCLUDE_IN_FRAMEWORK_HEADER = YES;
				CLANG_WARN_RANGE_LOOP_ANALYSIS = YES;
				CLANG_WARN_STRICT_PROTOTYPES = YES;
				CLANG_WARN_SUSPICIOUS_MOVE = YES;
				CLANG_WARN_UNGUARDED_AVAILABILITY = YES_AGGRESSIVE;
				CLANG_WARN_UNREACHABLE_CODE = YES;
				CLANG_WARN__DUPLICATE_METHOD_MATCH = YES;
				COPY_PHASE_STRIP = NO;
				DEBUG_INFORMATION_FORMAT = dwarf;
				ENABLE_STRICT_OBJC_MSGSEND = YES;
				ENABLE_TESTABILITY = YES;
				GCC_C_LANGUAGE_STANDARD = gnu11;
				GCC_DYNAMIC_NO_PIC = NO;
				GCC_NO_COMMON_BLOCKS = YES;
				GCC_OPTIMIZATION_LEVEL = 0;
				GCC_PREPROCESSOR_DEFINITIONS = (
					"DEBUG=1",
					"$(inherited)",
				);
				GCC_WARN_64_TO_32_BIT_CONVERSION = YES;
				GCC_WARN_ABOUT_RETURN_TYPE = YES_ERROR;
				GCC_WARN_UNDECLARED_SELECTOR = YES;
				GCC_WARN_UNINITIALIZED_AUTOS = YES_AGGRESSIVE;
				GCC_WARN_UNUSED_FUNCTION = YES;
				GCC_WARN_UNUSED_VARIABLE = YES;
				IPHONEOS_DEPLOYMENT_TARGET = 16.1;
				MTL_ENABLE_DEBUG_INFO = INCLUDE_SOURCE;
				MTL_FAST_MATH = YES;
				ONLY_ACTIVE_ARCH = YES;
				SDKROOT = iphoneos;
				SWIFT_ACTIVE_COMPILATION_CONDITIONS = DEBUG;
				SWIFT_OPTIMIZATION_LEVEL = "-Onone";
			};
			name = Debug;
		};
		FEA155A32A9CD48D00912E5F /* Release */ = {
			isa = XCBuildConfiguration;
			buildSettings = {
				ALWAYS_SEARCH_USER_PATHS = NO;
				CLANG_ANALYZER_NONNULL = YES;
				CLANG_ANALYZER_NUMBER_OBJECT_CONVERSION = YES_AGGRESSIVE;
				CLANG_CXX_LANGUAGE_STANDARD = "gnu++20";
				CLANG_ENABLE_MODULES = YES;
				CLANG_ENABLE_OBJC_ARC = YES;
				CLANG_ENABLE_OBJC_WEAK = YES;
				CLANG_WARN_BLOCK_CAPTURE_AUTORELEASING = YES;
				CLANG_WARN_BOOL_CONVERSION = YES;
				CLANG_WARN_COMMA = YES;
				CLANG_WARN_CONSTANT_CONVERSION = YES;
				CLANG_WARN_DEPRECATED_OBJC_IMPLEMENTATIONS = YES;
				CLANG_WARN_DIRECT_OBJC_ISA_USAGE = YES_ERROR;
				CLANG_WARN_DOCUMENTATION_COMMENTS = YES;
				CLANG_WARN_EMPTY_BODY = YES;
				CLANG_WARN_ENUM_CONVERSION = YES;
				CLANG_WARN_INFINITE_RECURSION = YES;
				CLANG_WARN_INT_CONVERSION = YES;
				CLANG_WARN_NON_LITERAL_NULL_CONVERSION = YES;
				CLANG_WARN_OBJC_IMPLICIT_RETAIN_SELF = YES;
				CLANG_WARN_OBJC_LITERAL_CONVERSION = YES;
				CLANG_WARN_OBJC_ROOT_CLASS = YES_ERROR;
				CLANG_WARN_QUOTED_INCLUDE_IN_FRAMEWORK_HEADER = YES;
				CLANG_WARN_RANGE_LOOP_ANALYSIS = YES;
				CLANG_WARN_STRICT_PROTOTYPES = YES;
				CLANG_WARN_SUSPICIOUS_MOVE = YES;
				CLANG_WARN_UNGUARDED_AVAILABILITY = YES_AGGRESSIVE;
				CLANG_WARN_UNREACHABLE_CODE = YES;
				CLANG_WARN__DUPLICATE_METHOD_MATCH = YES;
				COPY_PHASE_STRIP = NO;
				DEBUG_INFORMATION_FORMAT = "dwarf-with-dsym";
				ENABLE_NS_ASSERTIONS = NO;
				ENABLE_STRICT_OBJC_MSGSEND = YES;
				GCC_C_LANGUAGE_STANDARD = gnu11;
				GCC_NO_COMMON_BLOCKS = YES;
				GCC_WARN_64_TO_32_BIT_CONVERSION = YES;
				GCC_WARN_ABOUT_RETURN_TYPE = YES_ERROR;
				GCC_WARN_UNDECLARED_SELECTOR = YES;
				GCC_WARN_UNINITIALIZED_AUTOS = YES_AGGRESSIVE;
				GCC_WARN_UNUSED_FUNCTION = YES;
				GCC_WARN_UNUSED_VARIABLE = YES;
				IPHONEOS_DEPLOYMENT_TARGET = 16.1;
				MTL_ENABLE_DEBUG_INFO = NO;
				MTL_FAST_MATH = YES;
				SDKROOT = iphoneos;
				SWIFT_COMPILATION_MODE = wholemodule;
				SWIFT_OPTIMIZATION_LEVEL = "-O";
				VALIDATE_PRODUCT = YES;
			};
			name = Release;
		};
		FEA155A52A9CD48D00912E5F /* Debug */ = {
			isa = XCBuildConfiguration;
			buildSettings = {
				ASSETCATALOG_COMPILER_APPICON_NAME = AppIcon;
				ASSETCATALOG_COMPILER_GLOBAL_ACCENT_COLOR_NAME = AccentColor;
				CODE_SIGN_STYLE = Automatic;
				CURRENT_PROJECT_VERSION = 1;
				DEVELOPMENT_ASSET_PATHS = "\"LifeBot/Preview Content\"";
				DEVELOPMENT_TEAM = FFH396A6Y4;
				ENABLE_PREVIEWS = YES;
				GENERATE_INFOPLIST_FILE = YES;
				INFOPLIST_KEY_UIApplicationSceneManifest_Generation = YES;
				INFOPLIST_KEY_UIApplicationSupportsIndirectInputEvents = YES;
				INFOPLIST_KEY_UILaunchScreen_Generation = YES;
				INFOPLIST_KEY_UISupportedInterfaceOrientations_iPad = "UIInterfaceOrientationPortrait UIInterfaceOrientationPortraitUpsideDown UIInterfaceOrientationLandscapeLeft UIInterfaceOrientationLandscapeRight";
				INFOPLIST_KEY_UISupportedInterfaceOrientations_iPhone = "UIInterfaceOrientationPortrait UIInterfaceOrientationLandscapeLeft UIInterfaceOrientationLandscapeRight";
				LD_RUNPATH_SEARCH_PATHS = (
					"$(inherited)",
					"@executable_path/Frameworks",
				);
				MARKETING_VERSION = 1.0;
				PRODUCT_BUNDLE_IDENTIFIER = paperfishh.LifeBot;
				PRODUCT_NAME = "$(TARGET_NAME)";
				SWIFT_EMIT_LOC_STRINGS = YES;
				SWIFT_VERSION = 5.0;
				TARGETED_DEVICE_FAMILY = "1,2";
			};
			name = Debug;
		};
		FEA155A62A9CD48D00912E5F /* Release */ = {
			isa = XCBuildConfiguration;
			buildSettings = {
				ASSETCATALOG_COMPILER_APPICON_NAME = AppIcon;
				ASSETCATALOG_COMPILER_GLOBAL_ACCENT_COLOR_NAME = AccentColor;
				CODE_SIGN_STYLE = Automatic;
				CURRENT_PROJECT_VERSION = 1;
				DEVELOPMENT_ASSET_PATHS = "\"LifeBot/Preview Content\"";
				DEVELOPMENT_TEAM = FFH396A6Y4;
				ENABLE_PREVIEWS = YES;
				GENERATE_INFOPLIST_FILE = YES;
				INFOPLIST_KEY_UIApplicationSceneManifest_Generation = YES;
				INFOPLIST_KEY_UIApplicationSupportsIndirectInputEvents = YES;
				INFOPLIST_KEY_UILaunchScreen_Generation = YES;
				INFOPLIST_KEY_UISupportedInterfaceOrientations_iPad = "UIInterfaceOrientationPortrait UIInterfaceOrientationPortraitUpsideDown UIInterfaceOrientationLandscapeLeft UIInterfaceOrientationLandscapeRight";
				INFOPLIST_KEY_UISupportedInterfaceOrientations_iPhone = "UIInterfaceOrientationPortrait UIInterfaceOrientationLandscapeLeft UIInterfaceOrientationLandscapeRight";
				LD_RUNPATH_SEARCH_PATHS = (
					"$(inherited)",
					"@executable_path/Frameworks",
				);
				MARKETING_VERSION = 1.0;
				PRODUCT_BUNDLE_IDENTIFIER = paperfishh.LifeBot;
				PRODUCT_NAME = "$(TARGET_NAME)";
				SWIFT_EMIT_LOC_STRINGS = YES;
				SWIFT_VERSION = 5.0;
				TARGETED_DEVICE_FAMILY = "1,2";
			};
			name = Release;
		};
/* End XCBuildConfiguration section */

/* Begin XCConfigurationList section */
		FEA155912A9CD48A00912E5F /* Build configuration list for PBXProject "LifeBot" */ = {
			isa = XCConfigurationList;
			buildConfigurations = (
				FEA155A22A9CD48D00912E5F /* Debug */,
				FEA155A32A9CD48D00912E5F /* Release */,
			);
			defaultConfigurationIsVisible = 0;
			defaultConfigurationName = Release;
		};
		FEA155A42A9CD48D00912E5F /* Build configuration list for PBXNativeTarget "LifeBot" */ = {
			isa = XCConfigurationList;
			buildConfigurations = (
				FEA155A52A9CD48D00912E5F /* Debug */,
				FEA155A62A9CD48D00912E5F /* Release */,
			);
			defaultConfigurationIsVisible = 0;
			defaultConfigurationName = Release;
		};
/* End XCConfigurationList section */

/* Begin XCRemoteSwiftPackageReference section */
		FEA155AB2A9CD90600912E5F /* XCRemoteSwiftPackageReference "Alamofire" */ = {
			isa = XCRemoteSwiftPackageReference;
			repositoryURL = "https://github.com/Alamofire/Alamofire.git";
			requirement = {
				kind = upToNextMajorVersion;
				minimumVersion = 5.0.0;
			};
		};
/* End XCRemoteSwiftPackageReference section */

/* Begin XCSwiftPackageProductDependency section */
		FEA155AC2A9CD90600912E5F /* Alamofire */ = {
			isa = XCSwiftPackageProductDependency;
			package = FEA155AB2A9CD90600912E5F /* XCRemoteSwiftPackageReference "Alamofire" */;
			productName = Alamofire;
		};
/* End XCSwiftPackageProductDependency section */
	};
	rootObject = FEA1558E2A9CD48A00912E5F /* Project object */;
}
